{
  "name": "clerk-dev-netlify-example",
  "version": "1.0.0",
  "lockfileVersion": 3,
  "requires": true,
  "packages": {
    "": {
      "name": "clerk-dev-netlify-example",
      "version": "1.0.0",
      "license": "MIT",
      "dependencies": {
        "@netlify/edge-functions": "^2.8.1"
      }
    },
    "node_modules/@netlify/edge-functions": {
      "version": "2.8.1",
      "resolved": "https://registry.npmjs.org/@netlify/edge-functions/-/edge-functions-2.8.1.tgz",
      "integrity": "sha512-BoAz/gCWHLn9DVugGViORbWFDqaqrB/JHM+9N+ahk7U6C3EwaFojnnGKCMrQ65f2YOi6Wwlue1ZZO+8mq43RZA=="
    }
  }
}
